
Microsoft Visual Studio Solution File, Format Version 12.00
# Visual Studio Version 17
VisualStudioVersion = 17.0.31903.59
MinimumVisualStudioVersion = 10.0.40219.1
Project("{FAE04EC0-301F-11D3-BF4B-00C04F79EFBC}") = "LeetCode", "LeetCode\LeetCode.csproj", "{2A77028A-2175-45F2-AF49-4998960832BE}"
EndProject
Project("{FAE04EC0-301F-11D3-BF4B-00C04F79EFBC}") = "LeetCode.Tests", "LeetCode.Tests\LeetCode.Tests.csproj", "{FEABE97B-7AA2-44FA-94CC-DB3738F9F8EB}"
EndProject
Global
	GlobalSection(SolutionConfigurationPlatforms) = preSolution
		Debug|Any CPU = Debug|Any CPU
		Release|Any CPU = Release|Any CPU
	EndGlobalSection
	GlobalSection(SolutionProperties) = preSolution
		HideSolutionNode = FALSE
	EndGlobalSection
	GlobalSection(ProjectConfigurationPlatforms) = postSolution
		{2A77028A-2175-45F2-AF49-4998960832BE}.Debug|Any CPU.ActiveCfg = Debug|Any CPU
		{2A77028A-2175-45F2-AF49-4998960832BE}.Debug|Any CPU.Build.0 = Debug|Any CPU
		{2A77028A-2175-45F2-AF49-4998960832BE}.Release|Any CPU.ActiveCfg = Release|Any CPU
		{2A77028A-2175-45F2-AF49-4998960832BE}.Release|Any CPU.Build.0 = Release|Any CPU
		{FEABE97B-7AA2-44FA-94CC-DB3738F9F8EB}.Debug|Any CPU.ActiveCfg = Debug|Any CPU
		{FEABE97B-7AA2-44FA-94CC-DB3738F9F8EB}.Debug|Any CPU.Build.0 = Debug|Any CPU
		{FEABE97B-7AA2-44FA-94CC-DB3738F9F8EB}.Release|Any CPU.ActiveCfg = Release|Any CPU
		{FEABE97B-7AA2-44FA-94CC-DB3738F9F8EB}.Release|Any CPU.Build.0 = Release|Any CPU
	EndGlobalSection
EndGlobal
